
Microsoft Visual Studio Solution File, Format Version 12.00
# Visual Studio 15
VisualStudioVersion = 15.0.28010.2048
MinimumVisualStudioVersion = 10.0.40219.1
Project("{8BC9CEB8-8B4A-11D0-8D11-00A0C91BC942}") = "hw4_7-2", "hw4_7-2\hw4_7-2.vcxproj", "{3233DC12-5B3D-4F39-BD14-29F18F65035D}"
EndProject
Global
	GlobalSection(SolutionConfigurationPlatforms) = preSolution
		Debug|x64 = Debug|x64
		Debug|x86 = Debug|x86
		Release|x64 = Release|x64
		Release|x86 = Release|x86
	EndGlobalSection
	GlobalSection(ProjectConfigurationPlatforms) = postSolution
		{3233DC12-5B3D-4F39-BD14-29F18F65035D}.Debug|x64.ActiveCfg = Debug|x64
		{3233DC12-5B3D-4F39-BD14-29F18F65035D}.Debug|x64.Build.0 = Debug|x64
		{3233DC12-5B3D-4F39-BD14-29F18F65035D}.Debug|x86.ActiveCfg = Debug|Win32
		{3233DC12-5B3D-4F39-BD14-29F18F65035D}.Debug|x86.Build.0 = Debug|Win32
		{3233DC12-5B3D-4F39-BD14-29F18F65035D}.Release|x64.ActiveCfg = Release|x64
		{3233DC12-5B3D-4F39-BD14-29F18F65035D}.Release|x64.Build.0 = Release|x64
		{3233DC12-5B3D-4F39-BD14-29F18F65035D}.Release|x86.ActiveCfg = Release|Win32
		{3233DC12-5B3D-4F39-BD14-29F18F65035D}.Release|x86.Build.0 = Release|Win32
	EndGlobalSection
	GlobalSection(SolutionProperties) = preSolution
		HideSolutionNode = FALSE
	EndGlobalSection
	GlobalSection(ExtensibilityGlobals) = postSolution
		SolutionGuid = {DD81C0DC-D234-4A14-ACA8-46C8B62E619F}
	EndGlobalSection
EndGlobal
