
Microsoft Visual Studio Solution File, Format Version 12.00
# Visual Studio 15
VisualStudioVersion = 15.0.28307.168
MinimumVisualStudioVersion = 10.0.40219.1
Project("{8BC9CEB8-8B4A-11D0-8D11-00A0C91BC942}") = "hw12_6-3", "hw12_6-3\hw12_6-3.vcxproj", "{83ADF06B-76B5-4E2B-8469-EB1E26F24AB7}"
EndProject
Global
	GlobalSection(SolutionConfigurationPlatforms) = preSolution
		Debug|x64 = Debug|x64
		Debug|x86 = Debug|x86
		Release|x64 = Release|x64
		Release|x86 = Release|x86
	EndGlobalSection
	GlobalSection(ProjectConfigurationPlatforms) = postSolution
		{83ADF06B-76B5-4E2B-8469-EB1E26F24AB7}.Debug|x64.ActiveCfg = Debug|x64
		{83ADF06B-76B5-4E2B-8469-EB1E26F24AB7}.Debug|x64.Build.0 = Debug|x64
		{83ADF06B-76B5-4E2B-8469-EB1E26F24AB7}.Debug|x86.ActiveCfg = Debug|Win32
		{83ADF06B-76B5-4E2B-8469-EB1E26F24AB7}.Debug|x86.Build.0 = Debug|Win32
		{83ADF06B-76B5-4E2B-8469-EB1E26F24AB7}.Release|x64.ActiveCfg = Release|x64
		{83ADF06B-76B5-4E2B-8469-EB1E26F24AB7}.Release|x64.Build.0 = Release|x64
		{83ADF06B-76B5-4E2B-8469-EB1E26F24AB7}.Release|x86.ActiveCfg = Release|Win32
		{83ADF06B-76B5-4E2B-8469-EB1E26F24AB7}.Release|x86.Build.0 = Release|Win32
	EndGlobalSection
	GlobalSection(SolutionProperties) = preSolution
		HideSolutionNode = FALSE
	EndGlobalSection
	GlobalSection(ExtensibilityGlobals) = postSolution
		SolutionGuid = {BCF62C1B-C0E4-4FAF-B73B-90CCC2D3EFC2}
	EndGlobalSection
EndGlobal
